
Microsoft Visual Studio Solution File, Format Version 12.00
# Visual Studio Version 16
VisualStudioVersion = 16.0.29102.190
MinimumVisualStudioVersion = 10.0.40219.1
Project("{FAE04EC0-301F-11D3-BF4B-00C04F79EFBC}") = "Search16s", "CAB201_ASSIGNMENT\Search16s.csproj", "{42113B7A-C762-4352-B506-AA94FD3C51DF}"
EndProject
Global
	GlobalSection(SolutionConfigurationPlatforms) = preSolution
		Debug|Any CPU = Debug|Any CPU
		Release|Any CPU = Release|Any CPU
	EndGlobalSection
	GlobalSection(ProjectConfigurationPlatforms) = postSolution
		{42113B7A-C762-4352-B506-AA94FD3C51DF}.Debug|Any CPU.ActiveCfg = Debug|Any CPU
		{42113B7A-C762-4352-B506-AA94FD3C51DF}.Debug|Any CPU.Build.0 = Debug|Any CPU
		{42113B7A-C762-4352-B506-AA94FD3C51DF}.Release|Any CPU.ActiveCfg = Release|Any CPU
		{42113B7A-C762-4352-B506-AA94FD3C51DF}.Release|Any CPU.Build.0 = Release|Any CPU
	EndGlobalSection
	GlobalSection(SolutionProperties) = preSolution
		HideSolutionNode = FALSE
	EndGlobalSection
	GlobalSection(ExtensibilityGlobals) = postSolution
		SolutionGuid = {B19179AC-E50B-406B-82D6-BF21F5751D58}
	EndGlobalSection
EndGlobal
